
Microsoft Visual Studio Solution File, Format Version 12.00
# Visual Studio Version 17
VisualStudioVersion = 17.5.33424.131
MinimumVisualStudioVersion = 10.0.40219.1
Project("{FAE04EC0-301F-11D3-BF4B-00C04F79EFBC}") = "Chyzhova_01", "Chyzhova_01\Chyzhova_01.csproj", "{4C20B30F-2F5A-41B8-9294-A0438437E819}"
EndProject
Global
	GlobalSection(SolutionConfigurationPlatforms) = preSolution
		Debug|Any CPU = Debug|Any CPU
		Release|Any CPU = Release|Any CPU
	EndGlobalSection
	GlobalSection(ProjectConfigurationPlatforms) = postSolution
		{4C20B30F-2F5A-41B8-9294-A0438437E819}.Debug|Any CPU.ActiveCfg = Debug|Any CPU
		{4C20B30F-2F5A-41B8-9294-A0438437E819}.Debug|Any CPU.Build.0 = Debug|Any CPU
		{4C20B30F-2F5A-41B8-9294-A0438437E819}.Release|Any CPU.ActiveCfg = Release|Any CPU
		{4C20B30F-2F5A-41B8-9294-A0438437E819}.Release|Any CPU.Build.0 = Release|Any CPU
	EndGlobalSection
	GlobalSection(SolutionProperties) = preSolution
		HideSolutionNode = FALSE
	EndGlobalSection
	GlobalSection(ExtensibilityGlobals) = postSolution
		SolutionGuid = {2DB1CE7E-8FB4-46A2-9370-6CEFA1E32A82}
	EndGlobalSection
EndGlobal
